
Microsoft Visual Studio Solution File, Format Version 12.00
# Visual Studio Version 16
VisualStudioVersion = 16.0.30309.148
MinimumVisualStudioVersion = 10.0.40219.1
Project("{FAE04EC0-301F-11D3-BF4B-00C04F79EFBC}") = "2_5_Lab_Maskevich", "2_5_Lab_Maskevich.csproj", "{10B86391-A744-4524-88CF-6246B04F9F6C}"
EndProject
Global
	GlobalSection(SolutionConfigurationPlatforms) = preSolution
		Debug|Any CPU = Debug|Any CPU
		Release|Any CPU = Release|Any CPU
	EndGlobalSection
	GlobalSection(ProjectConfigurationPlatforms) = postSolution
		{10B86391-A744-4524-88CF-6246B04F9F6C}.Debug|Any CPU.ActiveCfg = Debug|Any CPU
		{10B86391-A744-4524-88CF-6246B04F9F6C}.Debug|Any CPU.Build.0 = Debug|Any CPU
		{10B86391-A744-4524-88CF-6246B04F9F6C}.Release|Any CPU.ActiveCfg = Release|Any CPU
		{10B86391-A744-4524-88CF-6246B04F9F6C}.Release|Any CPU.Build.0 = Release|Any CPU
	EndGlobalSection
	GlobalSection(SolutionProperties) = preSolution
		HideSolutionNode = FALSE
	EndGlobalSection
	GlobalSection(ExtensibilityGlobals) = postSolution
		SolutionGuid = {F09CFB0B-6C3E-4A32-86B2-8FAE0A437D1D}
	EndGlobalSection
EndGlobal
